PODS:
  - Alamofire (5.0.0-beta.6)
  - Charts (3.3.0):
    - Charts/Core (= 3.3.0)
  - Charts/Core (3.3.0)
  - Hero (1.4.0)
  - lottie-ios (3.1.1)
  - SwiftLint (0.33.0)

DEPENDENCIES:
  - Alamofire (~> 5.0.0-beta.5)
  - Charts
  - Hero
  - lottie-ios
  - SwiftLint

SPEC REPOS:
  https://github.com/cocoapods/specs.git:
    - Alamofire
    - Charts
    - Hero
    - lottie-ios
    - SwiftLint

SPEC CHECKSUMS:
  Alamofire: cd08a4402bd12cacd0c66f23fb12fec8d6b965e4
  Charts: e0dd4cd8f257bccf98407b58183ddca8e8d5b578
  Hero: bac92350d7201a1a940003e0767c7b52ce7c99a1
  lottie-ios: 43a472d22b2dd2bed292cc4010c0b4d2e66d3ba8
  SwiftLint: fed9c66336e41fc74dc48a73678380718f0c8b0e

PODFILE CHECKSUM: 5a42eb6a455198616a95c7a75105925bfc961054

COCOAPODS: 1.7.3
